
Microsoft Visual Studio Solution File, Format Version 11.00
# Visual Studio 2010
Project("{FAE04EC0-301F-11D3-BF4B-00C04F79EFBC}") = "Duplex", "Duplex\Duplex.csproj", "{094C00B5-8A57-422A-99CF-BACBE397C631}"
EndProject
Project("{FAE04EC0-301F-11D3-BF4B-00C04F79EFBC}") = "Duplex.Samples", "Duplex.Samples\Duplex.Samples.csproj", "{DBC0E4C5-EEB3-4EDC-981C-B5A873B344BF}"
EndProject
Global
	GlobalSection(SolutionConfigurationPlatforms) = preSolution
		Debug|Any CPU = Debug|Any CPU
		Release|Any CPU = Release|Any CPU
	EndGlobalSection
	GlobalSection(ProjectConfigurationPlatforms) = postSolution
		{094C00B5-8A57-422A-99CF-BACBE397C631}.Debug|Any CPU.ActiveCfg = Debug|Any CPU
		{094C00B5-8A57-422A-99CF-BACBE397C631}.Debug|Any CPU.Build.0 = Debug|Any CPU
		{094C00B5-8A57-422A-99CF-BACBE397C631}.Release|Any CPU.ActiveCfg = Release|Any CPU
		{094C00B5-8A57-422A-99CF-BACBE397C631}.Release|Any CPU.Build.0 = Release|Any CPU
		{DBC0E4C5-EEB3-4EDC-981C-B5A873B344BF}.Debug|Any CPU.ActiveCfg = Debug|Any CPU
		{DBC0E4C5-EEB3-4EDC-981C-B5A873B344BF}.Debug|Any CPU.Build.0 = Debug|Any CPU
		{DBC0E4C5-EEB3-4EDC-981C-B5A873B344BF}.Release|Any CPU.ActiveCfg = Release|Any CPU
		{DBC0E4C5-EEB3-4EDC-981C-B5A873B344BF}.Release|Any CPU.Build.0 = Release|Any CPU
	EndGlobalSection
	GlobalSection(SolutionProperties) = preSolution
		HideSolutionNode = FALSE
	EndGlobalSection
EndGlobal
